
Microsoft Visual Studio Solution File, Format Version 12.00
# Visual Studio Version 17
VisualStudioVersion = 17.0.31903.59
MinimumVisualStudioVersion = 10.0.40219.1
Project("{2150E333-8FDC-42A3-9474-1A3956D46DE8}") = "src", "src", "{827E0CD3-B72D-47B6-A68D-7590B98EB39B}"
EndProject
Project("{2150E333-8FDC-42A3-9474-1A3956D46DE8}") = "Web", "Web", "{03997797-E7F5-0643-168D-B8EA7178C2FE}"
EndProject
Project("{FAE04EC0-301F-11D3-BF4B-00C04F79EFBC}") = "ScheduleHtml.Web", "src\Web\ScheduleHtml.Web.csproj", "{D0867475-C2F6-41C5-9C55-5681F6EB6D51}"
EndProject
Project("{2150E333-8FDC-42A3-9474-1A3956D46DE8}") = "Core", "Core", "{8D626EA8-CB54-BC41-363A-217881BEBA6E}"
EndProject
Project("{FAE04EC0-301F-11D3-BF4B-00C04F79EFBC}") = "ScheduleHtml.Core", "src\Core\ScheduleHtml.Core.csproj", "{DD169D66-0BEC-499D-A04A-59C737FD56C8}"
EndProject
Project("{2150E333-8FDC-42A3-9474-1A3956D46DE8}") = "tests", "tests", "{0AB3BF05-4346-4AA6-1389-037BE0695223}"
EndProject
Project("{FAE04EC0-301F-11D3-BF4B-00C04F79EFBC}") = "ScheduleHtml.Core.Tests", "tests\ScheduleHtml.Core.Tests\ScheduleHtml.Core.Tests.csproj", "{E4FD1973-374D-40F4-9A60-C4098372F701}"
EndProject
Global
	GlobalSection(SolutionConfigurationPlatforms) = preSolution
		Debug|Any CPU = Debug|Any CPU
		Debug|x64 = Debug|x64
		Debug|x86 = Debug|x86
		Release|Any CPU = Release|Any CPU
		Release|x64 = Release|x64
		Release|x86 = Release|x86
	EndGlobalSection
	GlobalSection(ProjectConfigurationPlatforms) = postSolution
		{D0867475-C2F6-41C5-9C55-5681F6EB6D51}.Debug|Any CPU.ActiveCfg = Debug|Any CPU
		{D0867475-C2F6-41C5-9C55-5681F6EB6D51}.Debug|Any CPU.Build.0 = Debug|Any CPU
		{D0867475-C2F6-41C5-9C55-5681F6EB6D51}.Debug|x64.ActiveCfg = Debug|Any CPU
		{D0867475-C2F6-41C5-9C55-5681F6EB6D51}.Debug|x64.Build.0 = Debug|Any CPU
		{D0867475-C2F6-41C5-9C55-5681F6EB6D51}.Debug|x86.ActiveCfg = Debug|Any CPU
		{D0867475-C2F6-41C5-9C55-5681F6EB6D51}.Debug|x86.Build.0 = Debug|Any CPU
		{D0867475-C2F6-41C5-9C55-5681F6EB6D51}.Release|Any CPU.ActiveCfg = Release|Any CPU
		{D0867475-C2F6-41C5-9C55-5681F6EB6D51}.Release|Any CPU.Build.0 = Release|Any CPU
		{D0867475-C2F6-41C5-9C55-5681F6EB6D51}.Release|x64.ActiveCfg = Release|Any CPU
		{D0867475-C2F6-41C5-9C55-5681F6EB6D51}.Release|x64.Build.0 = Release|Any CPU
		{D0867475-C2F6-41C5-9C55-5681F6EB6D51}.Release|x86.ActiveCfg = Release|Any CPU
		{D0867475-C2F6-41C5-9C55-5681F6EB6D51}.Release|x86.Build.0 = Release|Any CPU
		{DD169D66-0BEC-499D-A04A-59C737FD56C8}.Debug|Any CPU.ActiveCfg = Debug|Any CPU
		{DD169D66-0BEC-499D-A04A-59C737FD56C8}.Debug|Any CPU.Build.0 = Debug|Any CPU
		{DD169D66-0BEC-499D-A04A-59C737FD56C8}.Debug|x64.ActiveCfg = Debug|Any CPU
		{DD169D66-0BEC-499D-A04A-59C737FD56C8}.Debug|x64.Build.0 = Debug|Any CPU
		{DD169D66-0BEC-499D-A04A-59C737FD56C8}.Debug|x86.ActiveCfg = Debug|Any CPU
		{DD169D66-0BEC-499D-A04A-59C737FD56C8}.Debug|x86.Build.0 = Debug|Any CPU
		{DD169D66-0BEC-499D-A04A-59C737FD56C8}.Release|Any CPU.ActiveCfg = Release|Any CPU
		{DD169D66-0BEC-499D-A04A-59C737FD56C8}.Release|Any CPU.Build.0 = Release|Any CPU
		{DD169D66-0BEC-499D-A04A-59C737FD56C8}.Release|x64.ActiveCfg = Release|Any CPU
		{DD169D66-0BEC-499D-A04A-59C737FD56C8}.Release|x64.Build.0 = Release|Any CPU
		{DD169D66-0BEC-499D-A04A-59C737FD56C8}.Release|x86.ActiveCfg = Release|Any CPU
		{DD169D66-0BEC-499D-A04A-59C737FD56C8}.Release|x86.Build.0 = Release|Any CPU
		{E4FD1973-374D-40F4-9A60-C4098372F701}.Debug|Any CPU.ActiveCfg = Debug|Any CPU
		{E4FD1973-374D-40F4-9A60-C4098372F701}.Debug|Any CPU.Build.0 = Debug|Any CPU
		{E4FD1973-374D-40F4-9A60-C4098372F701}.Debug|x64.ActiveCfg = Debug|Any CPU
		{E4FD1973-374D-40F4-9A60-C4098372F701}.Debug|x64.Build.0 = Debug|Any CPU
		{E4FD1973-374D-40F4-9A60-C4098372F701}.Debug|x86.ActiveCfg = Debug|Any CPU
		{E4FD1973-374D-40F4-9A60-C4098372F701}.Debug|x86.Build.0 = Debug|Any CPU
		{E4FD1973-374D-40F4-9A60-C4098372F701}.Release|Any CPU.ActiveCfg = Release|Any CPU
		{E4FD1973-374D-40F4-9A60-C4098372F701}.Release|Any CPU.Build.0 = Release|Any CPU
		{E4FD1973-374D-40F4-9A60-C4098372F701}.Release|x64.ActiveCfg = Release|Any CPU
		{E4FD1973-374D-40F4-9A60-C4098372F701}.Release|x64.Build.0 = Release|Any CPU
		{E4FD1973-374D-40F4-9A60-C4098372F701}.Release|x86.ActiveCfg = Release|Any CPU
		{E4FD1973-374D-40F4-9A60-C4098372F701}.Release|x86.Build.0 = Release|Any CPU
	EndGlobalSection
	GlobalSection(SolutionProperties) = preSolution
		HideSolutionNode = FALSE
	EndGlobalSection
	GlobalSection(NestedProjects) = preSolution
		{03997797-E7F5-0643-168D-B8EA7178C2FE} = {827E0CD3-B72D-47B6-A68D-7590B98EB39B}
		{D0867475-C2F6-41C5-9C55-5681F6EB6D51} = {03997797-E7F5-0643-168D-B8EA7178C2FE}
		{8D626EA8-CB54-BC41-363A-217881BEBA6E} = {827E0CD3-B72D-47B6-A68D-7590B98EB39B}
		{DD169D66-0BEC-499D-A04A-59C737FD56C8} = {8D626EA8-CB54-BC41-363A-217881BEBA6E}
		{E4FD1973-374D-40F4-9A60-C4098372F701} = {0AB3BF05-4346-4AA6-1389-037BE0695223}
	EndGlobalSection
EndGlobal
